
Microsoft Visual Studio Solution File, Format Version 12.00
# Visual Studio Version 16
VisualStudioVersion = 16.0.30804.86
MinimumVisualStudioVersion = 10.0.40219.1
Project("{FAE04EC0-301F-11D3-BF4B-00C04F79EFBC}") = "Cleveroad_Test_Task", "Cleveroad_Test_Task\Cleveroad_Test_Task.csproj", "{F8C6ACCD-5F6A-43EE-9C8F-F79E3D2D8928}"
EndProject
Global
	GlobalSection(SolutionConfigurationPlatforms) = preSolution
		Debug|Any CPU = Debug|Any CPU
		Release|Any CPU = Release|Any CPU
	EndGlobalSection
	GlobalSection(ProjectConfigurationPlatforms) = postSolution
		{F8C6ACCD-5F6A-43EE-9C8F-F79E3D2D8928}.Debug|Any CPU.ActiveCfg = Debug|Any CPU
		{F8C6ACCD-5F6A-43EE-9C8F-F79E3D2D8928}.Debug|Any CPU.Build.0 = Debug|Any CPU
		{F8C6ACCD-5F6A-43EE-9C8F-F79E3D2D8928}.Release|Any CPU.ActiveCfg = Release|Any CPU
		{F8C6ACCD-5F6A-43EE-9C8F-F79E3D2D8928}.Release|Any CPU.Build.0 = Release|Any CPU
	EndGlobalSection
	GlobalSection(SolutionProperties) = preSolution
		HideSolutionNode = FALSE
	EndGlobalSection
	GlobalSection(ExtensibilityGlobals) = postSolution
		SolutionGuid = {A443B244-F265-4ED2-9D69-CD0ED35E3B61}
	EndGlobalSection
EndGlobal
